schema: '2.0'
stages:
  download-dataset:
    cmd: uv run python -c "import urllib.request; 
      urllib.request.urlretrieve('https://opendata.cern.ch/record/328/files/atlas-higgs-challenge-2014-v2.csv.gz',
      'data/raw/higgs-challenge.csv.gz')"
    outs:
    - path: data/raw/higgs-challenge.csv.gz
      hash: md5
      md5: ae01726fcb46bddc5212cbda5806a180
      size: 65630848
